
Microsoft Visual Studio Solution File, Format Version 12.00
# Visual Studio Version 17
VisualStudioVersion = 17.0.31919.166
MinimumVisualStudioVersion = 10.0.40219.1
Project("{FAE04EC0-301F-11D3-BF4B-00C04F79EFBC}") = "home14_3", "home14_3\home14_3.csproj", "{58EFD758-F4DB-4731-B06F-92978098658F}"
EndProject
Global
	GlobalSection(SolutionConfigurationPlatforms) = preSolution
		Debug|Any CPU = Debug|Any CPU
		Release|Any CPU = Release|Any CPU
	EndGlobalSection
	GlobalSection(ProjectConfigurationPlatforms) = postSolution
		{58EFD758-F4DB-4731-B06F-92978098658F}.Debug|Any CPU.ActiveCfg = Debug|Any CPU
		{58EFD758-F4DB-4731-B06F-92978098658F}.Debug|Any CPU.Build.0 = Debug|Any CPU
		{58EFD758-F4DB-4731-B06F-92978098658F}.Release|Any CPU.ActiveCfg = Release|Any CPU
		{58EFD758-F4DB-4731-B06F-92978098658F}.Release|Any CPU.Build.0 = Release|Any CPU
	EndGlobalSection
	GlobalSection(SolutionProperties) = preSolution
		HideSolutionNode = FALSE
	EndGlobalSection
	GlobalSection(ExtensibilityGlobals) = postSolution
		SolutionGuid = {E0D7AB9F-0DF2-41D6-A2DF-E9586AA87925}
	EndGlobalSection
EndGlobal
